
Microsoft Visual Studio Solution File, Format Version 12.00
# Visual Studio Version 16
VisualStudioVersion = 16.0.30711.63
MinimumVisualStudioVersion = 10.0.40219.1
Project("{FAE04EC0-301F-11D3-BF4B-00C04F79EFBC}") = "WebPrefer.SlackBot", "WebPrefer.SlackBot\WebPrefer.SlackBot.csproj", "{30B3136B-A911-4AF0-81AA-44AB03623185}"
EndProject
Global
	GlobalSection(SolutionConfigurationPlatforms) = preSolution
		Debug|Any CPU = Debug|Any CPU
		Release|Any CPU = Release|Any CPU
	EndGlobalSection
	GlobalSection(ProjectConfigurationPlatforms) = postSolution
		{30B3136B-A911-4AF0-81AA-44AB03623185}.Debug|Any CPU.ActiveCfg = Debug|Any CPU
		{30B3136B-A911-4AF0-81AA-44AB03623185}.Debug|Any CPU.Build.0 = Debug|Any CPU
		{30B3136B-A911-4AF0-81AA-44AB03623185}.Release|Any CPU.ActiveCfg = Release|Any CPU
		{30B3136B-A911-4AF0-81AA-44AB03623185}.Release|Any CPU.Build.0 = Release|Any CPU
	EndGlobalSection
	GlobalSection(SolutionProperties) = preSolution
		HideSolutionNode = FALSE
	EndGlobalSection
	GlobalSection(ExtensibilityGlobals) = postSolution
		SolutionGuid = {B69A82D5-FBE0-4C2E-9516-C3ECBE5D48A1}
	EndGlobalSection
EndGlobal
